// !$*UTF8*$!
{
	archiveVersion = 1;
	classes = {
	};
	objectVersion = 46;
	objects = {

/* Begin PBXBuildFile section */
		7A3762EE1CF1B89E00C73BA7 /* PaymentViewController.swift in Sources */ = {isa = PBXBuildFile; fileRef = 7A3762ED1CF1B89E00C73BA7 /* PaymentViewController.swift */; };
		7A3762F21CF1BEA300C73BA7 /* btnClose.png in Resources */ = {isa = PBXBuildFile; fileRef = 7A3762EF1CF1BEA300C73BA7 /* btnClose.png */; };
		7A3762F31CF1BEA300C73BA7 /* btnClose@2x.png in Resources */ = {isa = PBXBuildFile; fileRef = 7A3762F01CF1BEA300C73BA7 /* btnClose@2x.png */; };
		7A3762F41CF1BEA300C73BA7 /* btnClose@3x.png in Resources */ = {isa = PBXBuildFile; fileRef = 7A3762F11CF1BEA300C73BA7 /* btnClose@3x.png */; };
		7A3762F81CF1E3C100C73BA7 /* Financiar-btn.png in Resources */ = {isa = PBXBuildFile; fileRef = 7A3762F51CF1E3C100C73BA7 /* Financiar-btn.png */; };
		7A3762F91CF1E3C100C73BA7 /* Financiar-btn@2x.png in Resources */ = {isa = PBXBuildFile; fileRef = 7A3762F61CF1E3C100C73BA7 /* Financiar-btn@2x.png */; };
		7A3762FA1CF1E3C100C73BA7 /* Financiar-btn@3x.png in Resources */ = {isa = PBXBuildFile; fileRef = 7A3762F71CF1E3C100C73BA7 /* Financiar-btn@3x.png */; };
		7A3762FD1CF205C100C73BA7 /* Project1TableViewCell.swift in Sources */ = {isa = PBXBuildFile; fileRef = 7A3762FC1CF205C100C73BA7 /* Project1TableViewCell.swift */; };
		7A3762FF1CF2078000C73BA7 /* Project2TableViewCell.swift in Sources */ = {isa = PBXBuildFile; fileRef = 7A3762FE1CF2078000C73BA7 /* Project2TableViewCell.swift */; };
		7A5EDA8A1CF0E9B100C0F713 /* AppDelegate.swift in Sources */ = {isa = PBXBuildFile; fileRef = 7A5EDA891CF0E9B100C0F713 /* AppDelegate.swift */; };
		7A5EDA8F1CF0E9B100C0F713 /* Main.storyboard in Resources */ = {isa = PBXBuildFile; fileRef = 7A5EDA8D1CF0E9B100C0F713 /* Main.storyboard */; };
		7A5EDA921CF0E9B100C0F713 /* BoonIt.xcdatamodeld in Sources */ = {isa = PBXBuildFile; fileRef = 7A5EDA901CF0E9B100C0F713 /* BoonIt.xcdatamodeld */; };
		7A5EDA941CF0E9B100C0F713 /* Assets.xcassets in Resources */ = {isa = PBXBuildFile; fileRef = 7A5EDA931CF0E9B100C0F713 /* Assets.xcassets */; };
		7A5EDA971CF0E9B100C0F713 /* LaunchScreen.storyboard in Resources */ = {isa = PBXBuildFile; fileRef = 7A5EDA951CF0E9B100C0F713 /* LaunchScreen.storyboard */; };
		7A5EDAA21CF0E9B200C0F713 /* BoonItTests.swift in Sources */ = {isa = PBXBuildFile; fileRef = 7A5EDAA11CF0E9B200C0F713 /* BoonItTests.swift */; };
		7A5EDAB01CF0F2C100C0F713 /* LoginViewController.swift in Sources */ = {isa = PBXBuildFile; fileRef = 7A5EDAAF1CF0F2C100C0F713 /* LoginViewController.swift */; };
		7A5EDABA1CF0F7AF00C0F713 /* Social.framework in Frameworks */ = {isa = PBXBuildFile; fileRef = 7A5EDAB91CF0F7AF00C0F713 /* Social.framework */; };
		7A5EDABE1CF0FE6200C0F713 /* FBSDKCoreKit.framework in Frameworks */ = {isa = PBXBuildFile; fileRef = 7A5EDABB1CF0FE6200C0F713 /* FBSDKCoreKit.framework */; };
		7A5EDABF1CF0FE6200C0F713 /* FBSDKLoginKit.framework in Frameworks */ = {isa = PBXBuildFile; fileRef = 7A5EDABC1CF0FE6200C0F713 /* FBSDKLoginKit.framework */; };
		7A5EDAC01CF0FE6200C0F713 /* FBSDKShareKit.framework in Frameworks */ = {isa = PBXBuildFile; fileRef = 7A5EDABD1CF0FE6200C0F713 /* FBSDKShareKit.framework */; };
		7A5EDAC71CF1074900C0F713 /* GenericTabBarViewController.swift in Sources */ = {isa = PBXBuildFile; fileRef = 7A5EDAC61CF1074900C0F713 /* GenericTabBarViewController.swift */; };
		7A5EDAE61CF10FAC00C0F713 /* Bg1@2x.jpg in Resources */ = {isa = PBXBuildFile; fileRef = 7A5EDADB1CF10FAC00C0F713 /* Bg1@2x.jpg */; };
		7A5EDAE71CF10FAC00C0F713 /* Bg1@1x.jpg in Resources */ = {isa = PBXBuildFile; fileRef = 7A5EDADC1CF10FAC00C0F713 /* Bg1@1x.jpg */; };
		7A5EDAE81CF10FAC00C0F713 /* FB-login.png in Resources */ = {isa = PBXBuildFile; fileRef = 7A5EDADD1CF10FAC00C0F713 /* FB-login.png */; };
		7A5EDAE91CF10FAC00C0F713 /* FB-login@1x.png in Resources */ = {isa = PBXBuildFile; fileRef = 7A5EDADE1CF10FAC00C0F713 /* FB-login@1x.png */; };
		7A5EDAEA1CF10FAC00C0F713 /* FB-login@2x.png in Resources */ = {isa = PBXBuildFile; fileRef = 7A5EDADF1CF10FAC00C0F713 /* FB-login@2x.png */; };
		7A5EDAEB1CF10FAC00C0F713 /* Logo.png in Resources */ = {isa = PBXBuildFile; fileRef = 7A5EDAE01CF10FAC00C0F713 /* Logo.png */; };
		7A5EDAEC1CF10FAC00C0F713 /* Logo@2x.png in Resources */ = {isa = PBXBuildFile; fileRef = 7A5EDAE11CF10FAC00C0F713 /* Logo@2x.png */; };
		7A5EDAED1CF10FAC00C0F713 /* Logo@1x.png in Resources */ = {isa = PBXBuildFile; fileRef = 7A5EDAE21CF10FAC00C0F713 /* Logo@1x.png */; };
		7A5EDAEE1CF10FAC00C0F713 /* Hands@2x.png in Resources */ = {isa = PBXBuildFile; fileRef = 7A5EDAE31CF10FAC00C0F713 /* Hands@2x.png */; };
		7A5EDAEF1CF10FAC00C0F713 /* Hands@1x.png in Resources */ = {isa = PBXBuildFile; fileRef = 7A5EDAE41CF10FAC00C0F713 /* Hands@1x.png */; };
		7A5EDAF01CF10FAC00C0F713 /* Hands.png in Resources */ = {isa = PBXBuildFile; fileRef = 7A5EDAE51CF10FAC00C0F713 /* Hands.png */; };
		7A5EDAF21CF10FB300C0F713 /* Bg1.jpg in Resources */ = {isa = PBXBuildFile; fileRef = 7A5EDAF11CF10FB300C0F713 /* Bg1.jpg */; };
		7A5EDAF41CF11E0000C0F713 /* ProfileViewController.swift in Sources */ = {isa = PBXBuildFile; fileRef = 7A5EDAF31CF11E0000C0F713 /* ProfileViewController.swift */; };
		7A5EDAF61CF1429B00C0F713 /* AimTableViewController.swift in Sources */ = {isa = PBXBuildFile; fileRef = 7A5EDAF51CF1429B00C0F713 /* AimTableViewController.swift */; };
		7A5EDB0C1CF1468A00C0F713 /* Loader@3x.png in Resources */ = {isa = PBXBuildFile; fileRef = 7A5EDAF71CF1468A00C0F713 /* Loader@3x.png */; };
		7A5EDB0D1CF1468A00C0F713 /* Profile-btn.png in Resources */ = {isa = PBXBuildFile; fileRef = 7A5EDAF81CF1468A00C0F713 /* Profile-btn.png */; };
		7A5EDB0E1CF1468A00C0F713 /* Profile-btn@2x.png in Resources */ = {isa = PBXBuildFile; fileRef = 7A5EDAF91CF1468A00C0F713 /* Profile-btn@2x.png */; };
		7A5EDB0F1CF1468A00C0F713 /* Profile-btn@3x.png in Resources */ = {isa = PBXBuildFile; fileRef = 7A5EDAFA1CF1468A00C0F713 /* Profile-btn@3x.png */; };
		7A5EDB101CF1468A00C0F713 /* search-btn.png in Resources */ = {isa = PBXBuildFile; fileRef = 7A5EDAFB1CF1468A00C0F713 /* search-btn.png */; };
		7A5EDB111CF1468A00C0F713 /* search-btn@2x.png in Resources */ = {isa = PBXBuildFile; fileRef = 7A5EDAFC1CF1468A00C0F713 /* search-btn@2x.png */; };
		7A5EDB121CF1468A00C0F713 /* search-btn@3x.png in Resources */ = {isa = PBXBuildFile; fileRef = 7A5EDAFD1CF1468A00C0F713 /* search-btn@3x.png */; };
		7A5EDB131CF1468A00C0F713 /* Type-btn.png in Resources */ = {isa = PBXBuildFile; fileRef = 7A5EDAFE1CF1468A00C0F713 /* Type-btn.png */; };
		7A5EDB141CF1468A00C0F713 /* Type-btn@2x.png in Resources */ = {isa = PBXBuildFile; fileRef = 7A5EDAFF1CF1468A00C0F713 /* Type-btn@2x.png */; };
		7A5EDB151CF1468A00C0F713 /* Type-btn@3x.png in Resources */ = {isa = PBXBuildFile; fileRef = 7A5EDB001CF1468A00C0F713 /* Type-btn@3x.png */; };
		7A5EDB161CF1468A00C0F713 /* Loader@2x.png in Resources */ = {isa = PBXBuildFile; fileRef = 7A5EDB011CF1468A00C0F713 /* Loader@2x.png */; };
		7A5EDB171CF1468A00C0F713 /* BoonIt-Btn.png in Resources */ = {isa = PBXBuildFile; fileRef = 7A5EDB021CF1468A00C0F713 /* BoonIt-Btn.png */; };
		7A5EDB181CF1468A00C0F713 /* BoonIt-Btn@1x.png in Resources */ = {isa = PBXBuildFile; fileRef = 7A5EDB031CF1468A00C0F713 /* BoonIt-Btn@1x.png */; };
		7A5EDB191CF1468A00C0F713 /* BoonIt-Btn@2x.png in Resources */ = {isa = PBXBuildFile; fileRef = 7A5EDB041CF1468A00C0F713 /* BoonIt-Btn@2x.png */; };
		7A5EDB1A1CF1468A00C0F713 /* Causa1BG.jpg in Resources */ = {isa = PBXBuildFile; fileRef = 7A5EDB051CF1468A00C0F713 /* Causa1BG.jpg */; };
		7A5EDB1B1CF1468A00C0F713 /* Causa1BG@2x.jpg in Resources */ = {isa = PBXBuildFile; fileRef = 7A5EDB061CF1468A00C0F713 /* Causa1BG@2x.jpg */; };
		7A5EDB1C1CF1468A00C0F713 /* Causa1BG@3x.jpg in Resources */ = {isa = PBXBuildFile; fileRef = 7A5EDB071CF1468A00C0F713 /* Causa1BG@3x.jpg */; };
		7A5EDB1D1CF1468A00C0F713 /* List-btn.png in Resources */ = {isa = PBXBuildFile; fileRef = 7A5EDB081CF1468A00C0F713 /* List-btn.png */; };
		7A5EDB1E1CF1468A00C0F713 /* List-btn@2x.png in Resources */ = {isa = PBXBuildFile; fileRef = 7A5EDB091CF1468A00C0F713 /* List-btn@2x.png */; };
		7A5EDB1F1CF1468A00C0F713 /* List-btn@3x.png in Resources */ = {isa = PBXBuildFile; fileRef = 7A5EDB0A1CF1468A00C0F713 /* List-btn@3x.png */; };
		7A5EDB201CF1468A00C0F713 /* Loader.png in Resources */ = {isa = PBXBuildFile; fileRef = 7A5EDB0B1CF1468A00C0F713 /* Loader.png */; };
		7A5EDB221CF1476E00C0F713 /* ProyectsTableViewController.swift in Sources */ = {isa = PBXBuildFile; fileRef = 7A5EDB211CF1476E00C0F713 /* ProyectsTableViewController.swift */; };
		EFDA6AC7C473E2D32FA8128B /* Pods_BoonIt.framework in Frameworks */ = {isa = PBXBuildFile; fileRef = E0A945D5389487CC151ED618 /* Pods_BoonIt.framework */; };
/* End PBXBuildFile section */

/* Begin PBXContainerItemProxy section */
		7A5EDA9E1CF0E9B200C0F713 /* PBXContainerItemProxy */ = {
			isa = PBXContainerItemProxy;
			containerPortal = 7A5EDA7E1CF0E9B100C0F713 /* Project object */;
			proxyType = 1;
			remoteGlobalIDString = 7A5EDA851CF0E9B100C0F713;
			remoteInfo = BoonIt;
		};
/* End PBXContainerItemProxy section */

/* Begin PBXFileReference section */
		13F29BFE540902EA98805BB9 /* Pods-BoonIt.debug.xcconfig */ = {isa = PBXFileReference; includeInIndex = 1; lastKnownFileType = text.xcconfig; name = "Pods-BoonIt.debug.xcconfig"; path = "Pods/Target Support Files/Pods-BoonIt/Pods-BoonIt.debug.xcconfig"; sourceTree = "<group>"; };
		446C6E60A8886D9E28D729D0 /* Pods-BoonIt.release.xcconfig */ = {isa = PBXFileReference; includeInIndex = 1; lastKnownFileType = text.xcconfig; name = "Pods-BoonIt.release.xcconfig"; path = "Pods/Target Support Files/Pods-BoonIt/Pods-BoonIt.release.xcconfig"; sourceTree = "<group>"; };
		7A3762ED1CF1B89E00C73BA7 /* PaymentViewController.swift */ = {isa = PBXFileReference; fileEncoding = 4; lastKnownFileType = sourcecode.swift; path = PaymentViewController.swift; sourceTree = "<group>"; };
		7A3762EF1CF1BEA300C73BA7 /* btnClose.png */ = {isa = PBXFileReference; lastKnownFileType = image.png; path = btnClose.png; sourceTree = "<group>"; };
		7A3762F01CF1BEA300C73BA7 /* btnClose@2x.png */ = {isa = PBXFileReference; lastKnownFileType = image.png; path = "btnClose@2x.png"; sourceTree = "<group>"; };
		7A3762F11CF1BEA300C73BA7 /* btnClose@3x.png */ = {isa = PBXFileReference; lastKnownFileType = image.png; path = "btnClose@3x.png"; sourceTree = "<group>"; };
		7A3762F51CF1E3C100C73BA7 /* Financiar-btn.png */ = {isa = PBXFileReference; lastKnownFileType = image.png; path = "Financiar-btn.png"; sourceTree = "<group>"; };
		7A3762F61CF1E3C100C73BA7 /* Financiar-btn@2x.png */ = {isa = PBXFileReference; lastKnownFileType = image.png; path = "Financiar-btn@2x.png"; sourceTree = "<group>"; };
		7A3762F71CF1E3C100C73BA7 /* Financiar-btn@3x.png */ = {isa = PBXFileReference; lastKnownFileType = image.png; path = "Financiar-btn@3x.png"; sourceTree = "<group>"; };
		7A3762FC1CF205C100C73BA7 /* Project1TableViewCell.swift */ = {isa = PBXFileReference; fileEncoding = 4; lastKnownFileType = sourcecode.swift; path = Project1TableViewCell.swift; sourceTree = "<group>"; };
		7A3762FE1CF2078000C73BA7 /* Project2TableViewCell.swift */ = {isa = PBXFileReference; fileEncoding = 4; lastKnownFileType = sourcecode.swift; path = Project2TableViewCell.swift; sourceTree = "<group>"; };
		7A5EDA861CF0E9B100C0F713 /* BoonIt.app */ = {isa = PBXFileReference; explicitFileType = wrapper.application; includeInIndex = 0; path = BoonIt.app; sourceTree = BUILT_PRODUCTS_DIR; };
		7A5EDA891CF0E9B100C0F713 /* AppDelegate.swift */ = {isa = PBXFileReference; lastKnownFileType = sourcecode.swift; path = AppDelegate.swift; sourceTree = "<group>"; };
		7A5EDA8E1CF0E9B100C0F713 /* Base */ = {isa = PBXFileReference; lastKnownFileType = file.storyboard; name = Base; path = Base.lproj/Main.storyboard; sourceTree = "<group>"; };
		7A5EDA911CF0E9B100C0F713 /* BoonIt.xcdatamodel */ = {isa = PBXFileReference; lastKnownFileType = wrapper.xcdatamodel; path = BoonIt.xcdatamodel; sourceTree = "<group>"; };
		7A5EDA931CF0E9B100C0F713 /* Assets.xcassets */ = {isa = PBXFileReference; lastKnownFileType = folder.assetcatalog; path = Assets.xcassets; sourceTree = "<group>"; };
		7A5EDA961CF0E9B100C0F713 /* Base */ = {isa = PBXFileReference; lastKnownFileType = file.storyboard; name = Base; path = Base.lproj/LaunchScreen.storyboard; sourceTree = "<group>"; };
		7A5EDA981CF0E9B100C0F713 /* Info.plist */ = {isa = PBXFileReference; lastKnownFileType = text.plist.xml; path = Info.plist; sourceTree = "<group>"; };
		7A5EDA9D1CF0E9B200C0F713 /* BoonItTests.xctest */ = {isa = PBXFileReference; explicitFileType = wrapper.cfbundle; includeInIndex = 0; path = BoonItTests.xctest; sourceTree = BUILT_PRODUCTS_DIR; };
		7A5EDAA11CF0E9B200C0F713 /* BoonItTests.swift */ = {isa = PBXFileReference; lastKnownFileType = sourcecode.swift; path = BoonItTests.swift; sourceTree = "<group>"; };
		7A5EDAA31CF0E9B200C0F713 /* Info.plist */ = {isa = PBXFileReference; lastKnownFileType = text.plist.xml; path = Info.plist; sourceTree = "<group>"; };
		7A5EDAAF1CF0F2C100C0F713 /* LoginViewController.swift */ = {isa = PBXFileReference; fileEncoding = 4; lastKnownFileType = sourcecode.swift; path = LoginViewController.swift; sourceTree = "<group>"; };
		7A5EDAB91CF0F7AF00C0F713 /* Social.framework */ = {isa = PBXFileReference; lastKnownFileType = wrapper.framework; name = Social.framework; path = System/Library/Frameworks/Social.framework; sourceTree = SDKROOT; };
		7A5EDABB1CF0FE6200C0F713 /* FBSDKCoreKit.framework */ = {isa = PBXFileReference; lastKnownFileType = wrapper.framework; name = FBSDKCoreKit.framework; path = ../../FacebookSDK/FBSDKCoreKit.framework; sourceTree = "<group>"; };
		7A5EDABC1CF0FE6200C0F713 /* FBSDKLoginKit.framework */ = {isa = PBXFileReference; lastKnownFileType = wrapper.framework; name = FBSDKLoginKit.framework; path = ../../FacebookSDK/FBSDKLoginKit.framework; sourceTree = "<group>"; };
		7A5EDABD1CF0FE6200C0F713 /* FBSDKShareKit.framework */ = {isa = PBXFileReference; lastKnownFileType = wrapper.framework; name = FBSDKShareKit.framework; path = ../../FacebookSDK/FBSDKShareKit.framework; sourceTree = "<group>"; };
		7A5EDAC21CF0FF5A00C0F713 /* BoonIt-Bridging-Header.h */ = {isa = PBXFileReference; lastKnownFileType = sourcecode.c.h; path = "BoonIt-Bridging-Header.h"; sourceTree = "<group>"; };
		7A5EDAC61CF1074900C0F713 /* GenericTabBarViewController.swift */ = {isa = PBXFileReference; fileEncoding = 4; lastKnownFileType = sourcecode.swift; path = GenericTabBarViewController.swift; sourceTree = "<group>"; };
		7A5EDADB1CF10FAC00C0F713 /* Bg1@2x.jpg */ = {isa = PBXFileReference; lastKnownFileType = image.jpeg; path = "Bg1@2x.jpg"; sourceTree = "<group>"; };
		7A5EDADC1CF10FAC00C0F713 /* Bg1@1x.jpg */ = {isa = PBXFileReference; lastKnownFileType = image.jpeg; path = "Bg1@1x.jpg"; sourceTree = "<group>"; };
		7A5EDADD1CF10FAC00C0F713 /* FB-login.png */ = {isa = PBXFileReference; lastKnownFileType = image.png; path = "FB-login.png"; sourceTree = "<group>"; };
		7A5EDADE1CF10FAC00C0F713 /* FB-login@1x.png */ = {isa = PBXFileReference; lastKnownFileType = image.png; path = "FB-login@1x.png"; sourceTree = "<group>"; };
		7A5EDADF1CF10FAC00C0F713 /* FB-login@2x.png */ = {isa = PBXFileReference; lastKnownFileType = image.png; path = "FB-login@2x.png"; sourceTree = "<group>"; };
		7A5EDAE01CF10FAC00C0F713 /* Logo.png */ = {isa = PBXFileReference; lastKnownFileType = image.png; path = Logo.png; sourceTree = "<group>"; };
		7A5EDAE11CF10FAC00C0F713 /* Logo@2x.png */ = {isa = PBXFileReference; lastKnownFileType = image.png; path = "Logo@2x.png"; sourceTree = "<group>"; };
		7A5EDAE21CF10FAC00C0F713 /* Logo@1x.png */ = {isa = PBXFileReference; lastKnownFileType = image.png; path = "Logo@1x.png"; sourceTree = "<group>"; };
		7A5EDAE31CF10FAC00C0F713 /* Hands@2x.png */ = {isa = PBXFileReference; lastKnownFileType = image.png; path = "Hands@2x.png"; sourceTree = "<group>"; };
		7A5EDAE41CF10FAC00C0F713 /* Hands@1x.png */ = {isa = PBXFileReference; lastKnownFileType = image.png; path = "Hands@1x.png"; sourceTree = "<group>"; };
		7A5EDAE51CF10FAC00C0F713 /* Hands.png */ = {isa = PBXFileReference; lastKnownFileType = image.png; path = Hands.png; sourceTree = "<group>"; };
		7A5EDAF11CF10FB300C0F713 /* Bg1.jpg */ = {isa = PBXFileReference; lastKnownFileType = image.jpeg; path = Bg1.jpg; sourceTree = "<group>"; };
		7A5EDAF31CF11E0000C0F713 /* ProfileViewController.swift */ = {isa = PBXFileReference; fileEncoding = 4; lastKnownFileType = sourcecode.swift; path = ProfileViewController.swift; sourceTree = "<group>"; };
		7A5EDAF51CF1429B00C0F713 /* AimTableViewController.swift */ = {isa = PBXFileReference; fileEncoding = 4; lastKnownFileType = sourcecode.swift; path = AimTableViewController.swift; sourceTree = "<group>"; };
		7A5EDAF71CF1468A00C0F713 /* Loader@3x.png */ = {isa = PBXFileReference; lastKnownFileType = image.png; path = "Loader@3x.png"; sourceTree = "<group>"; };
		7A5EDAF81CF1468A00C0F713 /* Profile-btn.png */ = {isa = PBXFileReference; lastKnownFileType = image.png; path = "Profile-btn.png"; sourceTree = "<group>"; };
		7A5EDAF91CF1468A00C0F713 /* Profile-btn@2x.png */ = {isa = PBXFileReference; lastKnownFileType = image.png; path = "Profile-btn@2x.png"; sourceTree = "<group>"; };
		7A5EDAFA1CF1468A00C0F713 /* Profile-btn@3x.png */ = {isa = PBXFileReference; lastKnownFileType = image.png; path = "Profile-btn@3x.png"; sourceTree = "<group>"; };
		7A5EDAFB1CF1468A00C0F713 /* search-btn.png */ = {isa = PBXFileReference; lastKnownFileType = image.png; path = "search-btn.png"; sourceTree = "<group>"; };
		7A5EDAFC1CF1468A00C0F713 /* search-btn@2x.png */ = {isa = PBXFileReference; lastKnownFileType = image.png; path = "search-btn@2x.png"; sourceTree = "<group>"; };
		7A5EDAFD1CF1468A00C0F713 /* search-btn@3x.png */ = {isa = PBXFileReference; lastKnownFileType = image.png; path = "search-btn@3x.png"; sourceTree = "<group>"; };
		7A5EDAFE1CF1468A00C0F713 /* Type-btn.png */ = {isa = PBXFileReference; lastKnownFileType = image.png; path = "Type-btn.png"; sourceTree = "<group>"; };
		7A5EDAFF1CF1468A00C0F713 /* Type-btn@2x.png */ = {isa = PBXFileReference; lastKnownFileType = image.png; path = "Type-btn@2x.png"; sourceTree = "<group>"; };
		7A5EDB001CF1468A00C0F713 /* Type-btn@3x.png */ = {isa = PBXFileReference; lastKnownFileType = image.png; path = "Type-btn@3x.png"; sourceTree = "<group>"; };
		7A5EDB011CF1468A00C0F713 /* Loader@2x.png */ = {isa = PBXFileReference; lastKnownFileType = image.png; path = "Loader@2x.png"; sourceTree = "<group>"; };
		7A5EDB021CF1468A00C0F713 /* BoonIt-Btn.png */ = {isa = PBXFileReference; lastKnownFileType = image.png; path = "BoonIt-Btn.png"; sourceTree = "<group>"; };
		7A5EDB031CF1468A00C0F713 /* BoonIt-Btn@1x.png */ = {isa = PBXFileReference; lastKnownFileType = image.png; path = "BoonIt-Btn@1x.png"; sourceTree = "<group>"; };
		7A5EDB041CF1468A00C0F713 /* BoonIt-Btn@2x.png */ = {isa = PBXFileReference; lastKnownFileType = image.png; path = "BoonIt-Btn@2x.png"; sourceTree = "<group>"; };
		7A5EDB051CF1468A00C0F713 /* Causa1BG.jpg */ = {isa = PBXFileReference; lastKnownFileType = image.jpeg; path = Causa1BG.jpg; sourceTree = "<group>"; };
		7A5EDB061CF1468A00C0F713 /* Causa1BG@2x.jpg */ = {isa = PBXFileReference; lastKnownFileType = image.jpeg; path = "Causa1BG@2x.jpg"; sourceTree = "<group>"; };
		7A5EDB071CF1468A00C0F713 /* Causa1BG@3x.jpg */ = {isa = PBXFileReference; lastKnownFileType = image.jpeg; path = "Causa1BG@3x.jpg"; sourceTree = "<group>"; };
		7A5EDB081CF1468A00C0F713 /* List-btn.png */ = {isa = PBXFileReference; lastKnownFileType = image.png; path = "List-btn.png"; sourceTree = "<group>"; };
		7A5EDB091CF1468A00C0F713 /* List-btn@2x.png */ = {isa = PBXFileReference; lastKnownFileType = image.png; path = "List-btn@2x.png"; sourceTree = "<group>"; };
		7A5EDB0A1CF1468A00C0F713 /* List-btn@3x.png */ = {isa = PBXFileReference; lastKnownFileType = image.png; path = "List-btn@3x.png"; sourceTree = "<group>"; };
		7A5EDB0B1CF1468A00C0F713 /* Loader.png */ = {isa = PBXFileReference; lastKnownFileType = image.png; path = Loader.png; sourceTree = "<group>"; };
		7A5EDB211CF1476E00C0F713 /* ProyectsTableViewController.swift */ = {isa = PBXFileReference; fileEncoding = 4; lastKnownFileType = sourcecode.swift; path = ProyectsTableViewController.swift; sourceTree = "<group>"; };
		E0A945D5389487CC151ED618 /* Pods_BoonIt.framework */ = {isa = PBXFileReference; explicitFileType = wrapper.framework; includeInIndex = 0; path = Pods_BoonIt.framework; sourceTree = BUILT_PRODUCTS_DIR; };
/* End PBXFileReference section */

/* Begin PBXFrameworksBuildPhase section */
		7A5EDA831CF0E9B100C0F713 /* Frameworks */ = {
			isa = PBXFrameworksBuildPhase;
			buildActionMask = 2147483647;
			files = (
				7A5EDABA1CF0F7AF00C0F713 /* Social.framework in Frameworks */,
				7A5EDABE1CF0FE6200C0F713 /* FBSDKCoreKit.framework in Frameworks */,
				7A5EDAC01CF0FE6200C0F713 /* FBSDKShareKit.framework in Frameworks */,
				7A5EDABF1CF0FE6200C0F713 /* FBSDKLoginKit.framework in Frameworks */,
				EFDA6AC7C473E2D32FA8128B /* Pods_BoonIt.framework in Frameworks */,
			);
			runOnlyForDeploymentPostprocessing = 0;
		};
		7A5EDA9A1CF0E9B200C0F713 /* Frameworks */ = {
			isa = PBXFrameworksBuildPhase;
			buildActionMask = 2147483647;
			files = (
			);
			runOnlyForDeploymentPostprocessing = 0;
		};
/* End PBXFrameworksBuildPhase section */

/* Begin PBXGroup section */
		4F1A49129979F5BC4830EB0D /* Frameworks */ = {
			isa = PBXGroup;
			children = (
				7A5EDABB1CF0FE6200C0F713 /* FBSDKCoreKit.framework */,
				7A5EDABC1CF0FE6200C0F713 /* FBSDKLoginKit.framework */,
				7A5EDABD1CF0FE6200C0F713 /* FBSDKShareKit.framework */,
				7A5EDAB91CF0F7AF00C0F713 /* Social.framework */,
				E0A945D5389487CC151ED618 /* Pods_BoonIt.framework */,
			);
			name = Frameworks;
			sourceTree = "<group>";
		};
		7A5EDA7D1CF0E9B100C0F713 = {
			isa = PBXGroup;
			children = (
				7A5EDA881CF0E9B100C0F713 /* BoonIt */,
				7A5EDAA01CF0E9B200C0F713 /* BoonItTests */,
				7A5EDA871CF0E9B100C0F713 /* Products */,
				A850CC069A185C780174A70C /* Pods */,
				4F1A49129979F5BC4830EB0D /* Frameworks */,
			);
			sourceTree = "<group>";
		};
		7A5EDA871CF0E9B100C0F713 /* Products */ = {
			isa = PBXGroup;
			children = (
				7A5EDA861CF0E9B100C0F713 /* BoonIt.app */,
				7A5EDA9D1CF0E9B200C0F713 /* BoonItTests.xctest */,
			);
			name = Products;
			sourceTree = "<group>";
		};
		7A5EDA881CF0E9B100C0F713 /* BoonIt */ = {
			isa = PBXGroup;
			children = (
				7A5EDAAD1CF0F2C100C0F713 /* Assets */,
				7A5EDAAC1CF0F2C100C0F713 /* Helpers */,
				7A5EDAAE1CF0F2C100C0F713 /* ViewControllers */,
				7A5EDA891CF0E9B100C0F713 /* AppDelegate.swift */,
				7A5EDA8D1CF0E9B100C0F713 /* Main.storyboard */,
				7A5EDA951CF0E9B100C0F713 /* LaunchScreen.storyboard */,
				7A5EDA981CF0E9B100C0F713 /* Info.plist */,
				7A5EDA901CF0E9B100C0F713 /* BoonIt.xcdatamodeld */,
				7A5EDA931CF0E9B100C0F713 /* Assets.xcassets */,
			);
			path = BoonIt;
			sourceTree = "<group>";
		};
		7A5EDAA01CF0E9B200C0F713 /* BoonItTests */ = {
			isa = PBXGroup;
			children = (
				7A5EDAA11CF0E9B200C0F713 /* BoonItTests.swift */,
				7A5EDAA31CF0E9B200C0F713 /* Info.plist */,
			);
			path = BoonItTests;
			sourceTree = "<group>";
		};
		7A5EDAAC1CF0F2C100C0F713 /* Helpers */ = {
			isa = PBXGroup;
			children = (
				7A5EDAC21CF0FF5A00C0F713 /* BoonIt-Bridging-Header.h */,
				7A3762FC1CF205C100C73BA7 /* Project1TableViewCell.swift */,
				7A3762FE1CF2078000C73BA7 /* Project2TableViewCell.swift */,
			);
			path = Helpers;
			sourceTree = "<group>";
		};
		7A5EDAAD1CF0F2C100C0F713 /* Assets */ = {
			isa = PBXGroup;
			children = (
				7A5EDAC81CF10B8400C0F713 /* Images */,
			);
			path = Assets;
			sourceTree = "<group>";
		};
		7A5EDAAE1CF0F2C100C0F713 /* ViewControllers */ = {
			isa = PBXGroup;
			children = (
				7A5EDAAF1CF0F2C100C0F713 /* LoginViewController.swift */,
				7A5EDAC61CF1074900C0F713 /* GenericTabBarViewController.swift */,
				7A5EDAF31CF11E0000C0F713 /* ProfileViewController.swift */,
				7A5EDAF51CF1429B00C0F713 /* AimTableViewController.swift */,
				7A5EDB211CF1476E00C0F713 /* ProyectsTableViewController.swift */,
				7A3762ED1CF1B89E00C73BA7 /* PaymentViewController.swift */,
			);
			path = ViewControllers;
			sourceTree = "<group>";
		};
		7A5EDAC81CF10B8400C0F713 /* Images */ = {
			isa = PBXGroup;
			children = (
				7A3762F51CF1E3C100C73BA7 /* Financiar-btn.png */,
				7A3762F61CF1E3C100C73BA7 /* Financiar-btn@2x.png */,
				7A3762F71CF1E3C100C73BA7 /* Financiar-btn@3x.png */,
				7A3762EF1CF1BEA300C73BA7 /* btnClose.png */,
				7A3762F01CF1BEA300C73BA7 /* btnClose@2x.png */,
				7A3762F11CF1BEA300C73BA7 /* btnClose@3x.png */,
				7A5EDAF71CF1468A00C0F713 /* Loader@3x.png */,
				7A5EDAF81CF1468A00C0F713 /* Profile-btn.png */,
				7A5EDAF91CF1468A00C0F713 /* Profile-btn@2x.png */,
				7A5EDAFA1CF1468A00C0F713 /* Profile-btn@3x.png */,
				7A5EDAFB1CF1468A00C0F713 /* search-btn.png */,
				7A5EDAFC1CF1468A00C0F713 /* search-btn@2x.png */,
				7A5EDAFD1CF1468A00C0F713 /* search-btn@3x.png */,
				7A5EDAFE1CF1468A00C0F713 /* Type-btn.png */,
				7A5EDAFF1CF1468A00C0F713 /* Type-btn@2x.png */,
				7A5EDB001CF1468A00C0F713 /* Type-btn@3x.png */,
				7A5EDB011CF1468A00C0F713 /* Loader@2x.png */,
				7A5EDB021CF1468A00C0F713 /* BoonIt-Btn.png */,
				7A5EDB031CF1468A00C0F713 /* BoonIt-Btn@1x.png */,
				7A5EDB041CF1468A00C0F713 /* BoonIt-Btn@2x.png */,
				7A5EDB051CF1468A00C0F713 /* Causa1BG.jpg */,
				7A5EDB061CF1468A00C0F713 /* Causa1BG@2x.jpg */,
				7A5EDB071CF1468A00C0F713 /* Causa1BG@3x.jpg */,
				7A5EDB081CF1468A00C0F713 /* List-btn.png */,
				7A5EDB091CF1468A00C0F713 /* List-btn@2x.png */,
				7A5EDB0A1CF1468A00C0F713 /* List-btn@3x.png */,
				7A5EDB0B1CF1468A00C0F713 /* Loader.png */,
				7A5EDAF11CF10FB300C0F713 /* Bg1.jpg */,
				7A5EDADB1CF10FAC00C0F713 /* Bg1@2x.jpg */,
				7A5EDADC1CF10FAC00C0F713 /* Bg1@1x.jpg */,
				7A5EDADD1CF10FAC00C0F713 /* FB-login.png */,
				7A5EDADE1CF10FAC00C0F713 /* FB-login@1x.png */,
				7A5EDADF1CF10FAC00C0F713 /* FB-login@2x.png */,
				7A5EDAE01CF10FAC00C0F713 /* Logo.png */,
				7A5EDAE11CF10FAC00C0F713 /* Logo@2x.png */,
				7A5EDAE21CF10FAC00C0F713 /* Logo@1x.png */,
				7A5EDAE31CF10FAC00C0F713 /* Hands@2x.png */,
				7A5EDAE41CF10FAC00C0F713 /* Hands@1x.png */,
				7A5EDAE51CF10FAC00C0F713 /* Hands.png */,
			);
			path = Images;
			sourceTree = "<group>";
		};
		A850CC069A185C780174A70C /* Pods */ = {
			isa = PBXGroup;
			children = (
				13F29BFE540902EA98805BB9 /* Pods-BoonIt.debug.xcconfig */,
				446C6E60A8886D9E28D729D0 /* Pods-BoonIt.release.xcconfig */,
			);
			name = Pods;
			sourceTree = "<group>";
		};
/* End PBXGroup section */

/* Begin PBXNativeTarget section */
		7A5EDA851CF0E9B100C0F713 /* BoonIt */ = {
			isa = PBXNativeTarget;
			buildConfigurationList = 7A5EDAA61CF0E9B200C0F713 /* Build configuration list for PBXNativeTarget "BoonIt" */;
			buildPhases = (
				65BF4AD3F1781A094D0A121F /* Check Pods Manifest.lock */,
				7A5EDA821CF0E9B100C0F713 /* Sources */,
				7A5EDA831CF0E9B100C0F713 /* Frameworks */,
				7A5EDA841CF0E9B100C0F713 /* Resources */,
				E9F4868EBA7A3AAF9978B78D /* Embed Pods Frameworks */,
				B3A4008440FF1EE1A22463DE /* Copy Pods Resources */,
			);
			buildRules = (
			);
			dependencies = (
			);
			name = BoonIt;
			productName = BoonIt;
			productReference = 7A5EDA861CF0E9B100C0F713 /* BoonIt.app */;
			productType = "com.apple.product-type.application";
		};
		7A5EDA9C1CF0E9B200C0F713 /* BoonItTests */ = {
			isa = PBXNativeTarget;
			buildConfigurationList = 7A5EDAA91CF0E9B200C0F713 /* Build configuration list for PBXNativeTarget "BoonItTests" */;
			buildPhases = (
				7A5EDA991CF0E9B200C0F713 /* Sources */,
				7A5EDA9A1CF0E9B200C0F713 /* Frameworks */,
				7A5EDA9B1CF0E9B200C0F713 /* Resources */,
			);
			buildRules = (
			);
			dependencies = (
				7A5EDA9F1CF0E9B200C0F713 /* PBXTargetDependency */,
			);
			name = BoonItTests;
			productName = BoonItTests;
			productReference = 7A5EDA9D1CF0E9B200C0F713 /* BoonItTests.xctest */;
			productType = "com.apple.product-type.bundle.unit-test";
		};
/* End PBXNativeTarget section */

/* Begin PBXProject section */
		7A5EDA7E1CF0E9B100C0F713 /* Project object */ = {
			isa = PBXProject;
			attributes = {
				LastSwiftUpdateCheck = 0730;
				LastUpgradeCheck = 0730;
				ORGANIZATIONNAME = BoonIt;
				TargetAttributes = {
					7A5EDA851CF0E9B100C0F713 = {
						CreatedOnToolsVersion = 7.3;
					};
					7A5EDA9C1CF0E9B200C0F713 = {
						CreatedOnToolsVersion = 7.3;
						TestTargetID = 7A5EDA851CF0E9B100C0F713;
					};
				};
			};
			buildConfigurationList = 7A5EDA811CF0E9B100C0F713 /* Build configuration list for PBXProject "BoonIt" */;
			compatibilityVersion = "Xcode 3.2";
			developmentRegion = English;
			hasScannedForEncodings = 0;
			knownRegions = (
				en,
				Base,
			);
			mainGroup = 7A5EDA7D1CF0E9B100C0F713;
			productRefGroup = 7A5EDA871CF0E9B100C0F713 /* Products */;
			projectDirPath = "";
			projectRoot = "";
			targets = (
				7A5EDA851CF0E9B100C0F713 /* BoonIt */,
				7A5EDA9C1CF0E9B200C0F713 /* BoonItTests */,
			);
		};
/* End PBXProject section */

/* Begin PBXResourcesBuildPhase section */
		7A5EDA841CF0E9B100C0F713 /* Resources */ = {
			isa = PBXResourcesBuildPhase;
			buildActionMask = 2147483647;
			files = (
				7A5EDB1A1CF1468A00C0F713 /* Causa1BG.jpg in Resources */,
				7A5EDB0D1CF1468A00C0F713 /* Profile-btn.png in Resources */,
				7A3762FA1CF1E3C100C73BA7 /* Financiar-btn@3x.png in Resources */,
				7A5EDAEB1CF10FAC00C0F713 /* Logo.png in Resources */,
				7A5EDB1D1CF1468A00C0F713 /* List-btn.png in Resources */,
				7A5EDB121CF1468A00C0F713 /* search-btn@3x.png in Resources */,
				7A5EDB1F1CF1468A00C0F713 /* List-btn@3x.png in Resources */,
				7A5EDB171CF1468A00C0F713 /* BoonIt-Btn.png in Resources */,
				7A3762F21CF1BEA300C73BA7 /* btnClose.png in Resources */,
				7A5EDAEC1CF10FAC00C0F713 /* Logo@2x.png in Resources */,
				7A5EDB1E1CF1468A00C0F713 /* List-btn@2x.png in Resources */,
				7A5EDB0C1CF1468A00C0F713 /* Loader@3x.png in Resources */,
				7A5EDA971CF0E9B100C0F713 /* LaunchScreen.storyboard in Resources */,
				7A5EDB1B1CF1468A00C0F713 /* Causa1BG@2x.jpg in Resources */,
				7A5EDAE91CF10FAC00C0F713 /* FB-login@1x.png in Resources */,
				7A5EDAEA1CF10FAC00C0F713 /* FB-login@2x.png in Resources */,
				7A5EDB0F1CF1468A00C0F713 /* Profile-btn@3x.png in Resources */,
				7A5EDAE61CF10FAC00C0F713 /* Bg1@2x.jpg in Resources */,
				7A5EDA941CF0E9B100C0F713 /* Assets.xcassets in Resources */,
				7A5EDAEE1CF10FAC00C0F713 /* Hands@2x.png in Resources */,
				7A5EDAE71CF10FAC00C0F713 /* Bg1@1x.jpg in Resources */,
				7A5EDB1C1CF1468A00C0F713 /* Causa1BG@3x.jpg in Resources */,
				7A5EDB131CF1468A00C0F713 /* Type-btn.png in Resources */,
				7A5EDB101CF1468A00C0F713 /* search-btn.png in Resources */,
				7A3762F41CF1BEA300C73BA7 /* btnClose@3x.png in Resources */,
				7A5EDB111CF1468A00C0F713 /* search-btn@2x.png in Resources */,
				7A5EDB181CF1468A00C0F713 /* BoonIt-Btn@1x.png in Resources */,
				7A5EDB0E1CF1468A00C0F713 /* Profile-btn@2x.png in Resources */,
				7A3762F31CF1BEA300C73BA7 /* btnClose@2x.png in Resources */,
				7A5EDB151CF1468A00C0F713 /* Type-btn@3x.png in Resources */,
				7A5EDAEF1CF10FAC00C0F713 /* Hands@1x.png in Resources */,
				7A5EDB161CF1468A00C0F713 /* Loader@2x.png in Resources */,
				7A5EDB201CF1468A00C0F713 /* Loader.png in Resources */,
				7A3762F81CF1E3C100C73BA7 /* Financiar-btn.png in Resources */,
				7A5EDA8F1CF0E9B100C0F713 /* Main.storyboard in Resources */,
				7A5EDB191CF1468A00C0F713 /* BoonIt-Btn@2x.png in Resources */,
				7A5EDAED1CF10FAC00C0F713 /* Logo@1x.png in Resources */,
				7A5EDAF21CF10FB300C0F713 /* Bg1.jpg in Resources */,
				7A3762F91CF1E3C100C73BA7 /* Financiar-btn@2x.png in Resources */,
				7A5EDAF01CF10FAC00C0F713 /* Hands.png in Resources */,
				7A5EDAE81CF10FAC00C0F713 /* FB-login.png in Resources */,
				7A5EDB141CF1468A00C0F713 /* Type-btn@2x.png in Resources */,
			);
			runOnlyForDeploymentPostprocessing = 0;
		};
		7A5EDA9B1CF0E9B200C0F713 /* Resources */ = {
			isa = PBXResourcesBuildPhase;
			buildActionMask = 2147483647;
			files = (
			);
			runOnlyForDeploymentPostprocessing = 0;
		};
/* End PBXResourcesBuildPhase section */

/* Begin PBXShellScriptBuildPhase section */
		65BF4AD3F1781A094D0A121F /* Check Pods Manifest.lock */ = {
			isa = PBXShellScriptBuildPhase;
			buildActionMask = 2147483647;
			files = (
			);
			inputPaths = (
			);
			name = "Check Pods Manifest.lock";
			outputPaths = (
			);
			runOnlyForDeploymentPostprocessing = 0;
			shellPath = /bin/sh;
			shellScript = "diff \"${PODS_ROOT}/../Podfile.lock\" \"${PODS_ROOT}/Manifest.lock\" > /dev/null\nif [[ $? != 0 ]] ; then\n    cat << EOM\nerror: The sandbox is not in sync with the Podfile.lock. Run 'pod install' or update your CocoaPods installation.\nEOM\n    exit 1\nfi\n";
			showEnvVarsInLog = 0;
		};
		B3A4008440FF1EE1A22463DE /* Copy Pods Resources */ = {
			isa = PBXShellScriptBuildPhase;
			buildActionMask = 2147483647;
			files = (
			);
			inputPaths = (
			);
			name = "Copy Pods Resources";
			outputPaths = (
			);
			runOnlyForDeploymentPostprocessing = 0;
			shellPath = /bin/sh;
			shellScript = "\"${SRCROOT}/Pods/Target Support Files/Pods-BoonIt/Pods-BoonIt-resources.sh\"\n";
			showEnvVarsInLog = 0;
		};
		E9F4868EBA7A3AAF9978B78D /* Embed Pods Frameworks */ = {
			isa = PBXShellScriptBuildPhase;
			buildActionMask = 2147483647;
			files = (
			);
			inputPaths = (
			);
			name = "Embed Pods Frameworks";
			outputPaths = (
			);
			runOnlyForDeploymentPostprocessing = 0;
			shellPath = /bin/sh;
			shellScript = "\"${SRCROOT}/Pods/Target Support Files/Pods-BoonIt/Pods-BoonIt-frameworks.sh\"\n";
			showEnvVarsInLog = 0;
		};
/* End PBXShellScriptBuildPhase section */

/* Begin PBXSourcesBuildPhase section */
		7A5EDA821CF0E9B100C0F713 /* Sources */ = {
			isa = PBXSourcesBuildPhase;
			buildActionMask = 2147483647;
			files = (
				7A5EDAC71CF1074900C0F713 /* GenericTabBarViewController.swift in Sources */,
				7A5EDAB01CF0F2C100C0F713 /* LoginViewController.swift in Sources */,
				7A5EDAF41CF11E0000C0F713 /* ProfileViewController.swift in Sources */,
				7A3762EE1CF1B89E00C73BA7 /* PaymentViewController.swift in Sources */,
				7A5EDB221CF1476E00C0F713 /* ProyectsTableViewController.swift in Sources */,
				7A5EDAF61CF1429B00C0F713 /* AimTableViewController.swift in Sources */,
				7A3762FD1CF205C100C73BA7 /* Project1TableViewCell.swift in Sources */,
				7A5EDA8A1CF0E9B100C0F713 /* AppDelegate.swift in Sources */,
				7A3762FF1CF2078000C73BA7 /* Project2TableViewCell.swift in Sources */,
				7A5EDA921CF0E9B100C0F713 /* BoonIt.xcdatamodeld in Sources */,
			);
			runOnlyForDeploymentPostprocessing = 0;
		};
		7A5EDA991CF0E9B200C0F713 /* Sources */ = {
			isa = PBXSourcesBuildPhase;
			buildActionMask = 2147483647;
			files = (
				7A5EDAA21CF0E9B200C0F713 /* BoonItTests.swift in Sources */,
			);
			runOnlyForDeploymentPostprocessing = 0;
		};
/* End PBXSourcesBuildPhase section */

/* Begin PBXTargetDependency section */
		7A5EDA9F1CF0E9B200C0F713 /* PBXTargetDependency */ = {
			isa = PBXTargetDependency;
			target = 7A5EDA851CF0E9B100C0F713 /* BoonIt */;
			targetProxy = 7A5EDA9E1CF0E9B200C0F713 /* PBXContainerItemProxy */;
		};
/* End PBXTargetDependency section */

/* Begin PBXVariantGroup section */
		7A5EDA8D1CF0E9B100C0F713 /* Main.storyboard */ = {
			isa = PBXVariantGroup;
			children = (
				7A5EDA8E1CF0E9B100C0F713 /* Base */,
			);
			name = Main.storyboard;
			sourceTree = "<group>";
		};
		7A5EDA951CF0E9B100C0F713 /* LaunchScreen.storyboard */ = {
			isa = PBXVariantGroup;
			children = (
				7A5EDA961CF0E9B100C0F713 /* Base */,
			);
			name = LaunchScreen.storyboard;
			sourceTree = "<group>";
		};
/* End PBXVariantGroup section */

/* Begin XCBuildConfiguration section */
		7A5EDAA41CF0E9B200C0F713 /* Debug */ = {
			isa = XCBuildConfiguration;
			buildSettings = {
				ALWAYS_SEARCH_USER_PATHS = NO;
				CLANG_ANALYZER_NONNULL = YES;
				CLANG_CXX_LANGUAGE_STANDARD = "gnu++0x";
				CLANG_CXX_LIBRARY = "libc++";
				CLANG_ENABLE_MODULES = YES;
				CLANG_ENABLE_OBJC_ARC = YES;
				CLANG_WARN_BOOL_CONVERSION = YES;
				CLANG_WARN_CONSTANT_CONVERSION = YES;
				CLANG_WARN_DIRECT_OBJC_ISA_USAGE = YES_ERROR;
				CLANG_WARN_EMPTY_BODY = YES;
				CLANG_WARN_ENUM_CONVERSION = YES;
				CLANG_WARN_INT_CONVERSION = YES;
				CLANG_WARN_OBJC_ROOT_CLASS = YES_ERROR;
				CLANG_WARN_UNREACHABLE_CODE = YES;
				CLANG_WARN__DUPLICATE_METHOD_MATCH = YES;
				"CODE_SIGN_IDENTITY[sdk=iphoneos*]" = "iPhone Developer";
				COPY_PHASE_STRIP = NO;
				DEBUG_INFORMATION_FORMAT = dwarf;
				ENABLE_STRICT_OBJC_MSGSEND = YES;
				ENABLE_TESTABILITY = YES;
				GCC_C_LANGUAGE_STANDARD = gnu99;
				GCC_DYNAMIC_NO_PIC = NO;
				GCC_NO_COMMON_BLOCKS = YES;
				GCC_OPTIMIZATION_LEVEL = 0;
				GCC_PREPROCESSOR_DEFINITIONS = (
					"DEBUG=1",
					"$(inherited)",
				);
				GCC_WARN_64_TO_32_BIT_CONVERSION = YES;
				GCC_WARN_ABOUT_RETURN_TYPE = YES_ERROR;
				GCC_WARN_UNDECLARED_SELECTOR = YES;
				GCC_WARN_UNINITIALIZED_AUTOS = YES_AGGRESSIVE;
				GCC_WARN_UNUSED_FUNCTION = YES;
				GCC_WARN_UNUSED_VARIABLE = YES;
				IPHONEOS_DEPLOYMENT_TARGET = 9.3;
				MTL_ENABLE_DEBUG_INFO = YES;
				ONLY_ACTIVE_ARCH = YES;
				SDKROOT = iphoneos;
				SWIFT_OPTIMIZATION_LEVEL = "-Onone";
				TARGETED_DEVICE_FAMILY = "1,2";
			};
			name = Debug;
		};
		7A5EDAA51CF0E9B200C0F713 /* Release */ = {
			isa = XCBuildConfiguration;
			buildSettings = {
				ALWAYS_SEARCH_USER_PATHS = NO;
				CLANG_ANALYZER_NONNULL = YES;
				CLANG_CXX_LANGUAGE_STANDARD = "gnu++0x";
				CLANG_CXX_LIBRARY = "libc++";
				CLANG_ENABLE_MODULES = YES;
				CLANG_ENABLE_OBJC_ARC = YES;
				CLANG_WARN_BOOL_CONVERSION = YES;
				CLANG_WARN_CONSTANT_CONVERSION = YES;
				CLANG_WARN_DIRECT_OBJC_ISA_USAGE = YES_ERROR;
				CLANG_WARN_EMPTY_BODY = YES;
				CLANG_WARN_ENUM_CONVERSION = YES;
				CLANG_WARN_INT_CONVERSION = YES;
				CLANG_WARN_OBJC_ROOT_CLASS = YES_ERROR;
				CLANG_WARN_UNREACHABLE_CODE = YES;
				CLANG_WARN__DUPLICATE_METHOD_MATCH = YES;
				"CODE_SIGN_IDENTITY[sdk=iphoneos*]" = "iPhone Developer";
				COPY_PHASE_STRIP = NO;
				DEBUG_INFORMATION_FORMAT = "dwarf-with-dsym";
				ENABLE_NS_ASSERTIONS = NO;
				ENABLE_STRICT_OBJC_MSGSEND = YES;
				GCC_C_LANGUAGE_STANDARD = gnu99;
				GCC_NO_COMMON_BLOCKS = YES;
				GCC_WARN_64_TO_32_BIT_CONVERSION = YES;
				GCC_WARN_ABOUT_RETURN_TYPE = YES_ERROR;
				GCC_WARN_UNDECLARED_SELECTOR = YES;
				GCC_WARN_UNINITIALIZED_AUTOS = YES_AGGRESSIVE;
				GCC_WARN_UNUSED_FUNCTION = YES;
				GCC_WARN_UNUSED_VARIABLE = YES;
				IPHONEOS_DEPLOYMENT_TARGET = 9.3;
				MTL_ENABLE_DEBUG_INFO = NO;
				SDKROOT = iphoneos;
				TARGETED_DEVICE_FAMILY = "1,2";
				VALIDATE_PRODUCT = YES;
			};
			name = Release;
		};
		7A5EDAA71CF0E9B200C0F713 /* Debug */ = {
			isa = XCBuildConfiguration;
			baseConfigurationReference = 13F29BFE540902EA98805BB9 /* Pods-BoonIt.debug.xcconfig */;
			buildSettings = {
				ASSETCATALOG_COMPILER_APPICON_NAME = AppIcon;
				CLANG_ENABLE_MODULES = YES;
				FRAMEWORK_SEARCH_PATHS = /Users/lojals/Documents/FacebookSDK;
				HEADER_SEARCH_PATHS = "";
				INFOPLIST_FILE = BoonIt/Info.plist;
				LD_RUNPATH_SEARCH_PATHS = "$(inherited) @executable_path/Frameworks";
				PRODUCT_BUNDLE_IDENTIFIER = com.boonit.boon;
				PRODUCT_NAME = "$(TARGET_NAME)";
				SWIFT_OBJC_BRIDGING_HEADER = "BoonIt/Helpers/BoonIt-Bridging-Header.h";
				SWIFT_OPTIMIZATION_LEVEL = "-Onone";
			};
			name = Debug;
		};
		7A5EDAA81CF0E9B200C0F713 /* Release */ = {
			isa = XCBuildConfiguration;
			baseConfigurationReference = 446C6E60A8886D9E28D729D0 /* Pods-BoonIt.release.xcconfig */;
			buildSettings = {
				ASSETCATALOG_COMPILER_APPICON_NAME = AppIcon;
				CLANG_ENABLE_MODULES = YES;
				FRAMEWORK_SEARCH_PATHS = /Users/lojals/Documents/FacebookSDK;
				HEADER_SEARCH_PATHS = "";
				INFOPLIST_FILE = BoonIt/Info.plist;
				LD_RUNPATH_SEARCH_PATHS = "$(inherited) @executable_path/Frameworks";
				PRODUCT_BUNDLE_IDENTIFIER = com.boonit.boon;
				PRODUCT_NAME = "$(TARGET_NAME)";
				SWIFT_OBJC_BRIDGING_HEADER = "BoonIt/Helpers/BoonIt-Bridging-Header.h";
			};
			name = Release;
		};
		7A5EDAAA1CF0E9B200C0F713 /* Debug */ = {
			isa = XCBuildConfiguration;
			buildSettings = {
				BUNDLE_LOADER = "$(TEST_HOST)";
				INFOPLIST_FILE = BoonItTests/Info.plist;
				LD_RUNPATH_SEARCH_PATHS = "$(inherited) @executable_path/Frameworks @loader_path/Frameworks";
				PRODUCT_BUNDLE_IDENTIFIER = co.boonit.boonit.BoonItTests;
				PRODUCT_NAME = "$(TARGET_NAME)";
				TEST_HOST = "$(BUILT_PRODUCTS_DIR)/BoonIt.app/BoonIt";
			};
			name = Debug;
		};
		7A5EDAAB1CF0E9B200C0F713 /* Release */ = {
			isa = XCBuildConfiguration;
			buildSettings = {
				BUNDLE_LOADER = "$(TEST_HOST)";
				INFOPLIST_FILE = BoonItTests/Info.plist;
				LD_RUNPATH_SEARCH_PATHS = "$(inherited) @executable_path/Frameworks @loader_path/Frameworks";
				PRODUCT_BUNDLE_IDENTIFIER = co.boonit.boonit.BoonItTests;
				PRODUCT_NAME = "$(TARGET_NAME)";
				TEST_HOST = "$(BUILT_PRODUCTS_DIR)/BoonIt.app/BoonIt";
			};
			name = Release;
		};
/* End XCBuildConfiguration section */

/* Begin XCConfigurationList section */
		7A5EDA811CF0E9B100C0F713 /* Build configuration list for PBXProject "BoonIt" */ = {
			isa = XCConfigurationList;
			buildConfigurations = (
				7A5EDAA41CF0E9B200C0F713 /* Debug */,
				7A5EDAA51CF0E9B200C0F713 /* Release */,
			);
			defaultConfigurationIsVisible = 0;
			defaultConfigurationName = Release;
		};
		7A5EDAA61CF0E9B200C0F713 /* Build configuration list for PBXNativeTarget "BoonIt" */ = {
			isa = XCConfigurationList;
			buildConfigurations = (
				7A5EDAA71CF0E9B200C0F713 /* Debug */,
				7A5EDAA81CF0E9B200C0F713 /* Release */,
			);
			defaultConfigurationIsVisible = 0;
			defaultConfigurationName = Release;
		};
		7A5EDAA91CF0E9B200C0F713 /* Build configuration list for PBXNativeTarget "BoonItTests" */ = {
			isa = XCConfigurationList;
			buildConfigurations = (
				7A5EDAAA1CF0E9B200C0F713 /* Debug */,
				7A5EDAAB1CF0E9B200C0F713 /* Release */,
			);
			defaultConfigurationIsVisible = 0;
			defaultConfigurationName = Release;
		};
/* End XCConfigurationList section */

/* Begin XCVersionGroup section */
		7A5EDA901CF0E9B100C0F713 /* BoonIt.xcdatamodeld */ = {
			isa = XCVersionGroup;
			children = (
				7A5EDA911CF0E9B100C0F713 /* BoonIt.xcdatamodel */,
			);
			currentVersion = 7A5EDA911CF0E9B100C0F713 /* BoonIt.xcdatamodel */;
			path = BoonIt.xcdatamodeld;
			sourceTree = "<group>";
			versionGroupType = wrapper.xcdatamodel;
		};
/* End XCVersionGroup section */
	};
	rootObject = 7A5EDA7E1CF0E9B100C0F713 /* Project object */;
}
